
Microsoft Visual Studio Solution File, Format Version 12.00
# Visual Studio Version 17
VisualStudioVersion = 17.9.34723.18
MinimumVisualStudioVersion = 10.0.40219.1
Project("{FAE04EC0-301F-11D3-BF4B-00C04F79EFBC}") = "SimpleSkies", "SimpleSkies\SimpleSkies.csproj", "{ECDE79CD-F353-4CDE-83CA-447AEFE4FA88}"
EndProject
Global
	GlobalSection(SolutionConfigurationPlatforms) = preSolution
		Debug|Any CPU = Debug|Any CPU
		Release|Any CPU = Release|Any CPU
	EndGlobalSection
	GlobalSection(ProjectConfigurationPlatforms) = postSolution
		{ECDE79CD-F353-4CDE-83CA-447AEFE4FA88}.Debug|Any CPU.ActiveCfg = Debug|Any CPU
		{ECDE79CD-F353-4CDE-83CA-447AEFE4FA88}.Debug|Any CPU.Build.0 = Debug|Any CPU
		{ECDE79CD-F353-4CDE-83CA-447AEFE4FA88}.Debug|Any CPU.Deploy.0 = Debug|Any CPU
		{ECDE79CD-F353-4CDE-83CA-447AEFE4FA88}.Release|Any CPU.ActiveCfg = Release|Any CPU
		{ECDE79CD-F353-4CDE-83CA-447AEFE4FA88}.Release|Any CPU.Build.0 = Release|Any CPU
		{ECDE79CD-F353-4CDE-83CA-447AEFE4FA88}.Release|Any CPU.Deploy.0 = Release|Any CPU
	EndGlobalSection
	GlobalSection(SolutionProperties) = preSolution
		HideSolutionNode = FALSE
	EndGlobalSection
	GlobalSection(ExtensibilityGlobals) = postSolution
		SolutionGuid = {C0287F9A-89BE-4519-B6CA-21BCEDFF49CC}
	EndGlobalSection
EndGlobal
